// !$*UTF8*$!
{
	archiveVersion = 1;
	classes = {
	};
	objectVersion = 46;
	objects = {

/* Begin PBXBuildFile section */
		EDCEA4A41E7473E2008B61D4 /* main.m in Sources */ = {isa = PBXBuildFile; fileRef = EDCEA4A31E7473E2008B61D4 /* main.m */; };
		EDCEA4A71E7473E2008B61D4 /* AppDelegate.m in Sources */ = {isa = PBXBuildFile; fileRef = EDCEA4A61E7473E2008B61D4 /* AppDelegate.m */; };
		EDCEA4AA1E7473E2008B61D4 /* ViewController.m in Sources */ = {isa = PBXBuildFile; fileRef = EDCEA4A91E7473E2008B61D4 /* ViewController.m */; };
		EDCEA4AD1E7473E2008B61D4 /* Main.storyboard in Resources */ = {isa = PBXBuildFile; fileRef = EDCEA4AB1E7473E2008B61D4 /* Main.storyboard */; };
		EDCEA4AF1E7473E2008B61D4 /* Assets.xcassets in Resources */ = {isa = PBXBuildFile; fileRef = EDCEA4AE1E7473E2008B61D4 /* Assets.xcassets */; };
		EDCEA4B21E7473E2008B61D4 /* LaunchScreen.storyboard in Resources */ = {isa = PBXBuildFile; fileRef = EDCEA4B01E7473E2008B61D4 /* LaunchScreen.storyboard */; };
/* End PBXBuildFile section */

/* Begin PBXFileReference section */
		EDCEA49F1E7473E2008B61D4 /* Shop.app */ = {isa = PBXFileReference; explicitFileType = wrapper.application; includeInIndex = 0; path = Shop.app; sourceTree = BUILT_PRODUCTS_DIR; };
		EDCEA4A31E7473E2008B61D4 /* main.m */ = {isa = PBXFileReference; lastKnownFileType = sourcecode.c.objc; path = main.m; sourceTree = "<group>"; };
		EDCEA4A51E7473E2008B61D4 /* AppDelegate.h */ = {isa = PBXFileReference; lastKnownFileType = sourcecode.c.h; path = AppDelegate.h; sourceTree = "<group>"; };
		EDCEA4A61E7473E2008B61D4 /* AppDelegate.m */ = {isa = PBXFileReference; lastKnownFileType = sourcecode.c.objc; path = AppDelegate.m; sourceTree = "<group>"; };
		EDCEA4A81E7473E2008B61D4 /* ViewController.h */ = {isa = PBXFileReference; lastKnownFileType = sourcecode.c.h; path = ViewController.h; sourceTree = "<group>"; };
		EDCEA4A91E7473E2008B61D4 /* ViewController.m */ = {isa = PBXFileReference; lastKnownFileType = sourcecode.c.objc; path = ViewController.m; sourceTree = "<group>"; };
		EDCEA4AC1E7473E2008B61D4 /* Base */ = {isa = PBXFileReference; lastKnownFileType = file.storyboard; name = Base; path = Base.lproj/Main.storyboard; sourceTree = "<group>"; };
		EDCEA4AE1E7473E2008B61D4 /* Assets.xcassets */ = {isa = PBXFileReference; lastKnownFileType = folder.assetcatalog; path = Assets.xcassets; sourceTree = "<group>"; };
		EDCEA4B11E7473E2008B61D4 /* Base */ = {isa = PBXFileReference; lastKnownFileType = file.storyboard; name = Base; path = Base.lproj/LaunchScreen.storyboard; sourceTree = "<group>"; };
		EDCEA4B31E7473E2008B61D4 /* Info.plist */ = {isa = PBXFileReference; lastKnownFileType = text.plist.xml; path = Info.plist; sourceTree = "<group>"; };
/* End PBXFileReference section */

/* Begin PBXFrameworksBuildPhase section */
		EDCEA49C1E7473E2008B61D4 /* Frameworks */ = {
			isa = PBXFrameworksBuildPhase;
			buildActionMask = 2147483647;
			files = (
			);
			runOnlyForDeploymentPostprocessing = 0;
		};
/* End PBXFrameworksBuildPhase section */

/* Begin PBXGroup section */
		EDCEA4961E7473E2008B61D4 = {
			isa = PBXGroup;
			children = (
				EDCEA4A11E7473E2008B61D4 /* Shop */,
				EDCEA4A01E7473E2008B61D4 /* Products */,
			);
			sourceTree = "<group>";
		};
		EDCEA4A01E7473E2008B61D4 /* Products */ = {
			isa = PBXGroup;
			children = (
				EDCEA49F1E7473E2008B61D4 /* Shop.app */,
			);
			name = Products;
			sourceTree = "<group>";
		};
		EDCEA4A11E7473E2008B61D4 /* Shop */ = {
			isa = PBXGroup;
			children = (
				EDCEA4A51E7473E2008B61D4 /* AppDelegate.h */,
				EDCEA4A61E7473E2008B61D4 /* AppDelegate.m */,
				EDCEA4A81E7473E2008B61D4 /* ViewController.h */,
				EDCEA4A91E7473E2008B61D4 /* ViewController.m */,
				EDCEA4AB1E7473E2008B61D4 /* Main.storyboard */,
				EDCEA4AE1E7473E2008B61D4 /* Assets.xcassets */,
				EDCEA4B01E7473E2008B61D4 /* LaunchScreen.storyboard */,
				EDCEA4B31E7473E2008B61D4 /* Info.plist */,
				EDCEA4A21E7473E2008B61D4 /* Supporting Files */,
			);
			path = Shop;
			sourceTree = "<group>";
		};
		EDCEA4A21E7473E2008B61D4 /* Supporting Files */ = {
			isa = PBXGroup;
			children = (
				EDCEA4A31E7473E2008B61D4 /* main.m */,
			);
			name = "Supporting Files";
			sourceTree = "<group>";
		};
/* End PBXGroup section */

/* Begin PBXNativeTarget section */
		EDCEA49E1E7473E2008B61D4 /* Shop */ = {
			isa = PBXNativeTarget;
			buildConfigurationList = EDCEA4B61E7473E2008B61D4 /* Build configuration list for PBXNativeTarget "Shop" */;
			buildPhases = (
				EDCEA49B1E7473E2008B61D4 /* Sources */,
				EDCEA49C1E7473E2008B61D4 /* Frameworks */,
				EDCEA49D1E7473E2008B61D4 /* Resources */,
			);
			buildRules = (
			);
			dependencies = (
			);
			name = Shop;
			productName = Shop;
			productReference = EDCEA49F1E7473E2008B61D4 /* Shop.app */;
			productType = "com.apple.product-type.application";
		};
/* End PBXNativeTarget section */

/* Begin PBXProject section */
		EDCEA4971E7473E2008B61D4 /* Project object */ = {
			isa = PBXProject;
			attributes = {
				LastUpgradeCheck = 0800;
				ORGANIZATIONNAME = "Kirill Ushkov";
				TargetAttributes = {
					EDCEA49E1E7473E2008B61D4 = {
						CreatedOnToolsVersion = 8.0;
						ProvisioningStyle = Automatic;
					};
				};
			};
			buildConfigurationList = EDCEA49A1E7473E2008B61D4 /* Build configuration list for PBXProject "Shop" */;
			compatibilityVersion = "Xcode 3.2";
			developmentRegion = English;
			hasScannedForEncodings = 0;
			knownRegions = (
				en,
				Base,
			);
			mainGroup = EDCEA4961E7473E2008B61D4;
			productRefGroup = EDCEA4A01E7473E2008B61D4 /* Products */;
			projectDirPath = "";
			projectRoot = "";
			targets = (
				EDCEA49E1E7473E2008B61D4 /* Shop */,
			);
		};
/* End PBXProject section */

/* Begin PBXResourcesBuildPhase section */
		EDCEA49D1E7473E2008B61D4 /* Resources */ = {
			isa = PBXResourcesBuildPhase;
			buildActionMask = 2147483647;
			files = (
				EDCEA4B21E7473E2008B61D4 /* LaunchScreen.storyboard in Resources */,
				EDCEA4AF1E7473E2008B61D4 /* Assets.xcassets in Resources */,
				EDCEA4AD1E7473E2008B61D4 /* Main.storyboard in Resources */,
			);
			runOnlyForDeploymentPostprocessing = 0;
		};
/* End PBXResourcesBuildPhase section */

/* Begin PBXSourcesBuildPhase section */
		EDCEA49B1E7473E2008B61D4 /* Sources */ = {
			isa = PBXSourcesBuildPhase;
			buildActionMask = 2147483647;
			files = (
				EDCEA4AA1E7473E2008B61D4 /* ViewController.m in Sources */,
				EDCEA4A71E7473E2008B61D4 /* AppDelegate.m in Sources */,
				EDCEA4A41E7473E2008B61D4 /* main.m in Sources */,
			);
			runOnlyForDeploymentPostprocessing = 0;
		};
/* End PBXSourcesBuildPhase section */

/* Begin PBXVariantGroup section */
		EDCEA4AB1E7473E2008B61D4 /* Main.storyboard */ = {
			isa = PBXVariantGroup;
			children = (
				EDCEA4AC1E7473E2008B61D4 /* Base */,
			);
			name = Main.storyboard;
			sourceTree = "<group>";
		};
		EDCEA4B01E7473E2008B61D4 /* LaunchScreen.storyboard */ = {
			isa = PBXVariantGroup;
			children = (
				EDCEA4B11E7473E2008B61D4 /* Base */,
			);
			name = LaunchScreen.storyboard;
			sourceTree = "<group>";
		};
/* End PBXVariantGroup section */

/* Begin XCBuildConfiguration section */
		EDCEA4B41E7473E2008B61D4 /* Debug */ = {
			isa = XCBuildConfiguration;
			buildSettings = {
				ALWAYS_SEARCH_USER_PATHS = NO;
				CLANG_ANALYZER_NONNULL = YES;
				CLANG_CXX_LANGUAGE_STANDARD = "gnu++0x";
				CLANG_CXX_LIBRARY = "libc++";
				CLANG_ENABLE_MODULES = YES;
				CLANG_ENABLE_OBJC_ARC = YES;
				CLANG_WARN_BOOL_CONVERSION = YES;
				CLANG_WARN_CONSTANT_CONVERSION = YES;
				CLANG_WARN_DIRECT_OBJC_ISA_USAGE = YES_ERROR;
				CLANG_WARN_DOCUMENTATION_COMMENTS = YES;
				CLANG_WARN_EMPTY_BODY = YES;
				CLANG_WARN_ENUM_CONVERSION = YES;
				CLANG_WARN_INFINITE_RECURSION = YES;
				CLANG_WARN_INT_CONVERSION = YES;
				CLANG_WARN_OBJC_ROOT_CLASS = YES_ERROR;
				CLANG_WARN_SUSPICIOUS_MOVES = YES;
				CLANG_WARN_UNREACHABLE_CODE = YES;
				CLANG_WARN__DUPLICATE_METHOD_MATCH = YES;
				"CODE_SIGN_IDENTITY[sdk=iphoneos*]" = "iPhone Developer";
				COPY_PHASE_STRIP = NO;
				DEBUG_INFORMATION_FORMAT = dwarf;
				ENABLE_STRICT_OBJC_MSGSEND = YES;
				ENABLE_TESTABILITY = YES;
				GCC_C_LANGUAGE_STANDARD = gnu99;
				GCC_DYNAMIC_NO_PIC = NO;
				GCC_NO_COMMON_BLOCKS = YES;
				GCC_OPTIMIZATION_LEVEL = 0;
				GCC_PREPROCESSOR_DEFINITIONS = (
					"DEBUG=1",
					"$(inherited)",
				);
				GCC_WARN_64_TO_32_BIT_CONVERSION = YES;
				GCC_WARN_ABOUT_RETURN_TYPE = YES_ERROR;
				GCC_WARN_UNDECLARED_SELECTOR = YES;
				GCC_WARN_UNINITIALIZED_AUTOS = YES_AGGRESSIVE;
				GCC_WARN_UNUSED_FUNCTION = YES;
				GCC_WARN_UNUSED_VARIABLE = YES;
				IPHONEOS_DEPLOYMENT_TARGET = 10.0;
				MTL_ENABLE_DEBUG_INFO = YES;
				ONLY_ACTIVE_ARCH = YES;
				SDKROOT = iphoneos;
				TARGETED_DEVICE_FAMILY = "1,2";
			};
			name = Debug;
		};
		EDCEA4B51E7473E2008B61D4 /* Release */ = {
			isa = XCBuildConfiguration;
			buildSettings = {
				ALWAYS_SEARCH_USER_PATHS = NO;
				CLANG_ANALYZER_NONNULL = YES;
				CLANG_CXX_LANGUAGE_STANDARD = "gnu++0x";
				CLANG_CXX_LIBRARY = "libc++";
				CLANG_ENABLE_MODULES = YES;
				CLANG_ENABLE_OBJC_ARC = YES;
				CLANG_WARN_BOOL_CONVERSION = YES;
				CLANG_WARN_CONSTANT_CONVERSION = YES;
				CLANG_WARN_DIRECT_OBJC_ISA_USAGE = YES_ERROR;
				CLANG_WARN_DOCUMENTATION_COMMENTS = YES;
				CLANG_WARN_EMPTY_BODY = YES;
				CLANG_WARN_ENUM_CONVERSION = YES;
				CLANG_WARN_INFINITE_RECURSION = YES;
				CLANG_WARN_INT_CONVERSION = YES;
				CLANG_WARN_OBJC_ROOT_CLASS = YES_ERROR;
				CLANG_WARN_SUSPICIOUS_MOVES = YES;
				CLANG_WARN_UNREACHABLE_CODE = YES;
				CLANG_WARN__DUPLICATE_METHOD_MATCH = YES;
				"CODE_SIGN_IDENTITY[sdk=iphoneos*]" = "iPhone Developer";
				COPY_PHASE_STRIP = NO;
				DEBUG_INFORMATION_FORMAT = "dwarf-with-dsym";
				ENABLE_NS_ASSERTIONS = NO;
				ENABLE_STRICT_OBJC_MSGSEND = YES;
				GCC_C_LANGUAGE_STANDARD = gnu99;
				GCC_NO_COMMON_BLOCKS = YES;
				GCC_WARN_64_TO_32_BIT_CONVERSION = YES;
				GCC_WARN_ABOUT_RETURN_TYPE = YES_ERROR;
				GCC_WARN_UNDECLARED_SELECTOR = YES;
				GCC_WARN_UNINITIALIZED_AUTOS = YES_AGGRESSIVE;
				GCC_WARN_UNUSED_FUNCTION = YES;
				GCC_WARN_UNUSED_VARIABLE = YES;
				IPHONEOS_DEPLOYMENT_TARGET = 10.0;
				MTL_ENABLE_DEBUG_INFO = NO;
				SDKROOT = iphoneos;
				TARGETED_DEVICE_FAMILY = "1,2";
				VALIDATE_PRODUCT = YES;
			};
			name = Release;
		};
		EDCEA4B71E7473E2008B61D4 /* Debug */ = {
			isa = XCBuildConfiguration;
			buildSettings = {
				ASSETCATALOG_COMPILER_APPICON_NAME = AppIcon;
				INFOPLIST_FILE = Shop/Info.plist;
				LD_RUNPATH_SEARCH_PATHS = "$(inherited) @executable_path/Frameworks";
				PRODUCT_BUNDLE_IDENTIFIER = com.example.Shop;
				PRODUCT_NAME = "$(TARGET_NAME)";
			};
			name = Debug;
		};
		EDCEA4B81E7473E2008B61D4 /* Release */ = {
			isa = XCBuildConfiguration;
			buildSettings = {
				ASSETCATALOG_COMPILER_APPICON_NAME = AppIcon;
				INFOPLIST_FILE = Shop/Info.plist;
				LD_RUNPATH_SEARCH_PATHS = "$(inherited) @executable_path/Frameworks";
				PRODUCT_BUNDLE_IDENTIFIER = com.example.Shop;
				PRODUCT_NAME = "$(TARGET_NAME)";
			};
			name = Release;
		};
/* End XCBuildConfiguration section */

/* Begin XCConfigurationList section */
		EDCEA49A1E7473E2008B61D4 /* Build configuration list for PBXProject "Shop" */ = {
			isa = XCConfigurationList;
			buildConfigurations = (
				EDCEA4B41E7473E2008B61D4 /* Debug */,
				EDCEA4B51E7473E2008B61D4 /* Release */,
			);
			defaultConfigurationIsVisible = 0;
			defaultConfigurationName = Release;
		};
		EDCEA4B61E7473E2008B61D4 /* Build configuration list for PBXNativeTarget "Shop" */ = {
			isa = XCConfigurationList;
			buildConfigurations = (
				EDCEA4B71E7473E2008B61D4 /* Debug */,
				EDCEA4B81E7473E2008B61D4 /* Release */,
			);
			defaultConfigurationIsVisible = 0;
		};
/* End XCConfigurationList section */
	};
	rootObject = EDCEA4971E7473E2008B61D4 /* Project object */;
}
